// !$*UTF8*$!
{
	archiveVersion = 1;
	classes = {
	};
	objectVersion = 55;
	objects = {

/* Begin PBXBuildFile section */
		C985ADEF28D21B4500FA9439 /* BucketListAppApp.swift in Sources */ = {isa = PBXBuildFile; fileRef = C985ADEE28D21B4500FA9439 /* BucketListAppApp.swift */; };
		C985ADF128D21B4500FA9439 /* ContentView.swift in Sources */ = {isa = PBXBuildFile; fileRef = C985ADF028D21B4500FA9439 /* ContentView.swift */; };
		C985ADF328D21B4600FA9439 /* Assets.xcassets in Resources */ = {isa = PBXBuildFile; fileRef = C985ADF228D21B4600FA9439 /* Assets.xcassets */; };
		C985ADF628D21B4600FA9439 /* Preview Assets.xcassets in Resources */ = {isa = PBXBuildFile; fileRef = C985ADF528D21B4600FA9439 /* Preview Assets.xcassets */; };
		C985ADFD28D21D9700FA9439 /* Location.swift in Sources */ = {isa = PBXBuildFile; fileRef = C985ADFC28D21D9700FA9439 /* Location.swift */; };
		C985ADFF28D3907A00FA9439 /* EditView.swift in Sources */ = {isa = PBXBuildFile; fileRef = C985ADFE28D3907900FA9439 /* EditView.swift */; };
		C985AE0128D4E17400FA9439 /* Result.swift in Sources */ = {isa = PBXBuildFile; fileRef = C985AE0028D4E17400FA9439 /* Result.swift */; };
		C985AE0328D7231E00FA9439 /* ContentView-ViewModel.swift in Sources */ = {isa = PBXBuildFile; fileRef = C985AE0228D7231E00FA9439 /* ContentView-ViewModel.swift */; };
		C985AE0528DA15E700FA9439 /* FileManager-DocumentsDirectory.swift in Sources */ = {isa = PBXBuildFile; fileRef = C985AE0428DA15E700FA9439 /* FileManager-DocumentsDirectory.swift */; };
		C985AE0728DA44C800FA9439 /* EditView-ViewModifier.swift in Sources */ = {isa = PBXBuildFile; fileRef = C985AE0628DA44C800FA9439 /* EditView-ViewModifier.swift */; };
/* End PBXBuildFile section */

/* Begin PBXFileReference section */
		C985ADEB28D21B4500FA9439 /* BucketListApp.app */ = {isa = PBXFileReference; explicitFileType = wrapper.application; includeInIndex = 0; path = BucketListApp.app; sourceTree = BUILT_PRODUCTS_DIR; };
		C985ADEE28D21B4500FA9439 /* BucketListAppApp.swift */ = {isa = PBXFileReference; lastKnownFileType = sourcecode.swift; path = BucketListAppApp.swift; sourceTree = "<group>"; };
		C985ADF028D21B4500FA9439 /* ContentView.swift */ = {isa = PBXFileReference; lastKnownFileType = sourcecode.swift; path = ContentView.swift; sourceTree = "<group>"; };
		C985ADF228D21B4600FA9439 /* Assets.xcassets */ = {isa = PBXFileReference; lastKnownFileType = folder.assetcatalog; path = Assets.xcassets; sourceTree = "<group>"; };
		C985ADF528D21B4600FA9439 /* Preview Assets.xcassets */ = {isa = PBXFileReference; lastKnownFileType = folder.assetcatalog; path = "Preview Assets.xcassets"; sourceTree = "<group>"; };
		C985ADFC28D21D9700FA9439 /* Location.swift */ = {isa = PBXFileReference; lastKnownFileType = sourcecode.swift; path = Location.swift; sourceTree = "<group>"; };
		C985ADFE28D3907900FA9439 /* EditView.swift */ = {isa = PBXFileReference; lastKnownFileType = sourcecode.swift; path = EditView.swift; sourceTree = "<group>"; };
		C985AE0028D4E17400FA9439 /* Result.swift */ = {isa = PBXFileReference; lastKnownFileType = sourcecode.swift; path = Result.swift; sourceTree = "<group>"; };
		C985AE0228D7231E00FA9439 /* ContentView-ViewModel.swift */ = {isa = PBXFileReference; lastKnownFileType = sourcecode.swift; path = "ContentView-ViewModel.swift"; sourceTree = "<group>"; };
		C985AE0428DA15E700FA9439 /* FileManager-DocumentsDirectory.swift */ = {isa = PBXFileReference; lastKnownFileType = sourcecode.swift; path = "FileManager-DocumentsDirectory.swift"; sourceTree = "<group>"; };
		C985AE0628DA44C800FA9439 /* EditView-ViewModifier.swift */ = {isa = PBXFileReference; lastKnownFileType = sourcecode.swift; path = "EditView-ViewModifier.swift"; sourceTree = "<group>"; };
		C985AE0828DCDC3400FA9439 /* Info.plist */ = {isa = PBXFileReference; lastKnownFileType = text.plist; path = Info.plist; sourceTree = "<group>"; };
/* End PBXFileReference section */

/* Begin PBXFrameworksBuildPhase section */
		C985ADE828D21B4500FA9439 /* Frameworks */ = {
			isa = PBXFrameworksBuildPhase;
			buildActionMask = 2147483647;
			files = (
			);
			runOnlyForDeploymentPostprocessing = 0;
		};
/* End PBXFrameworksBuildPhase section */

/* Begin PBXGroup section */
		C985ADE228D21B4500FA9439 = {
			isa = PBXGroup;
			children = (
				C985ADED28D21B4500FA9439 /* BucketListApp */,
				C985ADEC28D21B4500FA9439 /* Products */,
			);
			sourceTree = "<group>";
		};
		C985ADEC28D21B4500FA9439 /* Products */ = {
			isa = PBXGroup;
			children = (
				C985ADEB28D21B4500FA9439 /* BucketListApp.app */,
			);
			name = Products;
			sourceTree = "<group>";
		};
		C985ADED28D21B4500FA9439 /* BucketListApp */ = {
			isa = PBXGroup;
			children = (
				C985AE0828DCDC3400FA9439 /* Info.plist */,
				C985ADEE28D21B4500FA9439 /* BucketListAppApp.swift */,
				C985AE0428DA15E700FA9439 /* FileManager-DocumentsDirectory.swift */,
				C985ADF028D21B4500FA9439 /* ContentView.swift */,
				C985AE0228D7231E00FA9439 /* ContentView-ViewModel.swift */,
				C985ADFC28D21D9700FA9439 /* Location.swift */,
				C985ADFE28D3907900FA9439 /* EditView.swift */,
				C985AE0628DA44C800FA9439 /* EditView-ViewModifier.swift */,
				C985AE0028D4E17400FA9439 /* Result.swift */,
				C985ADF228D21B4600FA9439 /* Assets.xcassets */,
				C985ADF428D21B4600FA9439 /* Preview Content */,
			);
			path = BucketListApp;
			sourceTree = "<group>";
		};
		C985ADF428D21B4600FA9439 /* Preview Content */ = {
			isa = PBXGroup;
			children = (
				C985ADF528D21B4600FA9439 /* Preview Assets.xcassets */,
			);
			path = "Preview Content";
			sourceTree = "<group>";
		};
/* End PBXGroup section */

/* Begin PBXNativeTarget section */
		C985ADEA28D21B4500FA9439 /* BucketListApp */ = {
			isa = PBXNativeTarget;
			buildConfigurationList = C985ADF928D21B4600FA9439 /* Build configuration list for PBXNativeTarget "BucketListApp" */;
			buildPhases = (
				C985ADE728D21B4500FA9439 /* Sources */,
				C985ADE828D21B4500FA9439 /* Frameworks */,
				C985ADE928D21B4500FA9439 /* Resources */,
			);
			buildRules = (
			);
			dependencies = (
			);
			name = BucketListApp;
			productName = BucketListApp;
			productReference = C985ADEB28D21B4500FA9439 /* BucketListApp.app */;
			productType = "com.apple.product-type.application";
		};
/* End PBXNativeTarget section */

/* Begin PBXProject section */
		C985ADE328D21B4500FA9439 /* Project object */ = {
			isa = PBXProject;
			attributes = {
				BuildIndependentTargetsInParallel = 1;
				LastSwiftUpdateCheck = 1340;
				LastUpgradeCheck = 1340;
				TargetAttributes = {
					C985ADEA28D21B4500FA9439 = {
						CreatedOnToolsVersion = 13.4.1;
					};
				};
			};
			buildConfigurationList = C985ADE628D21B4500FA9439 /* Build configuration list for PBXProject "BucketListApp" */;
			compatibilityVersion = "Xcode 13.0";
			developmentRegion = en;
			hasScannedForEncodings = 0;
			knownRegions = (
				en,
				Base,
			);
			mainGroup = C985ADE228D21B4500FA9439;
			productRefGroup = C985ADEC28D21B4500FA9439 /* Products */;
			projectDirPath = "";
			projectRoot = "";
			targets = (
				C985ADEA28D21B4500FA9439 /* BucketListApp */,
			);
		};
/* End PBXProject section */

/* Begin PBXResourcesBuildPhase section */
		C985ADE928D21B4500FA9439 /* Resources */ = {
			isa = PBXResourcesBuildPhase;
			buildActionMask = 2147483647;
			files = (
				C985ADF628D21B4600FA9439 /* Preview Assets.xcassets in Resources */,
				C985ADF328D21B4600FA9439 /* Assets.xcassets in Resources */,
			);
			runOnlyForDeploymentPostprocessing = 0;
		};
/* End PBXResourcesBuildPhase section */

/* Begin PBXSourcesBuildPhase section */
		C985ADE728D21B4500FA9439 /* Sources */ = {
			isa = PBXSourcesBuildPhase;
			buildActionMask = 2147483647;
			files = (
				C985ADF128D21B4500FA9439 /* ContentView.swift in Sources */,
				C985AE0528DA15E700FA9439 /* FileManager-DocumentsDirectory.swift in Sources */,
				C985AE0328D7231E00FA9439 /* ContentView-ViewModel.swift in Sources */,
				C985AE0128D4E17400FA9439 /* Result.swift in Sources */,
				C985ADFD28D21D9700FA9439 /* Location.swift in Sources */,
				C985ADFF28D3907A00FA9439 /* EditView.swift in Sources */,
				C985AE0728DA44C800FA9439 /* EditView-ViewModifier.swift in Sources */,
				C985ADEF28D21B4500FA9439 /* BucketListAppApp.swift in Sources */,
			);
			runOnlyForDeploymentPostprocessing = 0;
		};
/* End PBXSourcesBuildPhase section */

/* Begin XCBuildConfiguration section */
		C985ADF728D21B4600FA9439 /* Debug */ = {
			isa = XCBuildConfiguration;
			buildSettings = {
				ALWAYS_SEARCH_USER_PATHS = NO;
				CLANG_ANALYZER_NONNULL = YES;
				CLANG_ANALYZER_NUMBER_OBJECT_CONVERSION = YES_AGGRESSIVE;
				CLANG_CXX_LANGUAGE_STANDARD = "gnu++17";
				CLANG_ENABLE_MODULES = YES;
				CLANG_ENABLE_OBJC_ARC = YES;
				CLANG_ENABLE_OBJC_WEAK = YES;
				CLANG_WARN_BLOCK_CAPTURE_AUTORELEASING = YES;
				CLANG_WARN_BOOL_CONVERSION = YES;
				CLANG_WARN_COMMA = YES;
				CLANG_WARN_CONSTANT_CONVERSION = YES;
				CLANG_WARN_DEPRECATED_OBJC_IMPLEMENTATIONS = YES;
				CLANG_WARN_DIRECT_OBJC_ISA_USAGE = YES_ERROR;
				CLANG_WARN_DOCUMENTATION_COMMENTS = YES;
				CLANG_WARN_EMPTY_BODY = YES;
				CLANG_WARN_ENUM_CONVERSION = YES;
				CLANG_WARN_INFINITE_RECURSION = YES;
				CLANG_WARN_INT_CONVERSION = YES;
				CLANG_WARN_NON_LITERAL_NULL_CONVERSION = YES;
				CLANG_WARN_OBJC_IMPLICIT_RETAIN_SELF = YES;
				CLANG_WARN_OBJC_LITERAL_CONVERSION = YES;
				CLANG_WARN_OBJC_ROOT_CLASS = YES_ERROR;
				CLANG_WARN_QUOTED_INCLUDE_IN_FRAMEWORK_HEADER = YES;
				CLANG_WARN_RANGE_LOOP_ANALYSIS = YES;
				CLANG_WARN_STRICT_PROTOTYPES = YES;
				CLANG_WARN_SUSPICIOUS_MOVE = YES;
				CLANG_WARN_UNGUARDED_AVAILABILITY = YES_AGGRESSIVE;
				CLANG_WARN_UNREACHABLE_CODE = YES;
				CLANG_WARN__DUPLICATE_METHOD_MATCH = YES;
				COPY_PHASE_STRIP = NO;
				DEBUG_INFORMATION_FORMAT = dwarf;
				ENABLE_STRICT_OBJC_MSGSEND = YES;
				ENABLE_TESTABILITY = YES;
				GCC_C_LANGUAGE_STANDARD = gnu11;
				GCC_DYNAMIC_NO_PIC = NO;
				GCC_NO_COMMON_BLOCKS = YES;
				GCC_OPTIMIZATION_LEVEL = 0;
				GCC_PREPROCESSOR_DEFINITIONS = (
					"DEBUG=1",
					"$(inherited)",
				);
				GCC_WARN_64_TO_32_BIT_CONVERSION = YES;
				GCC_WARN_ABOUT_RETURN_TYPE = YES_ERROR;
				GCC_WARN_UNDECLARED_SELECTOR = YES;
				GCC_WARN_UNINITIALIZED_AUTOS = YES_AGGRESSIVE;
				GCC_WARN_UNUSED_FUNCTION = YES;
				GCC_WARN_UNUSED_VARIABLE = YES;
				IPHONEOS_DEPLOYMENT_TARGET = 15.5;
				MTL_ENABLE_DEBUG_INFO = INCLUDE_SOURCE;
				MTL_FAST_MATH = YES;
				ONLY_ACTIVE_ARCH = YES;
				SDKROOT = iphoneos;
				SWIFT_ACTIVE_COMPILATION_CONDITIONS = DEBUG;
				SWIFT_OPTIMIZATION_LEVEL = "-Onone";
			};
			name = Debug;
		};
		C985ADF828D21B4600FA9439 /* Release */ = {
			isa = XCBuildConfiguration;
			buildSettings = {
				ALWAYS_SEARCH_USER_PATHS = NO;
				CLANG_ANALYZER_NONNULL = YES;
				CLANG_ANALYZER_NUMBER_OBJECT_CONVERSION = YES_AGGRESSIVE;
				CLANG_CXX_LANGUAGE_STANDARD = "gnu++17";
				CLANG_ENABLE_MODULES = YES;
				CLANG_ENABLE_OBJC_ARC = YES;
				CLANG_ENABLE_OBJC_WEAK = YES;
				CLANG_WARN_BLOCK_CAPTURE_AUTORELEASING = YES;
				CLANG_WARN_BOOL_CONVERSION = YES;
				CLANG_WARN_COMMA = YES;
				CLANG_WARN_CONSTANT_CONVERSION = YES;
				CLANG_WARN_DEPRECATED_OBJC_IMPLEMENTATIONS = YES;
				CLANG_WARN_DIRECT_OBJC_ISA_USAGE = YES_ERROR;
				CLANG_WARN_DOCUMENTATION_COMMENTS = YES;
				CLANG_WARN_EMPTY_BODY = YES;
				CLANG_WARN_ENUM_CONVERSION = YES;
				CLANG_WARN_INFINITE_RECURSION = YES;
				CLANG_WARN_INT_CONVERSION = YES;
				CLANG_WARN_NON_LITERAL_NULL_CONVERSION = YES;
				CLANG_WARN_OBJC_IMPLICIT_RETAIN_SELF = YES;
				CLANG_WARN_OBJC_LITERAL_CONVERSION = YES;
				CLANG_WARN_OBJC_ROOT_CLASS = YES_ERROR;
				CLANG_WARN_QUOTED_INCLUDE_IN_FRAMEWORK_HEADER = YES;
				CLANG_WARN_RANGE_LOOP_ANALYSIS = YES;
				CLANG_WARN_STRICT_PROTOTYPES = YES;
				CLANG_WARN_SUSPICIOUS_MOVE = YES;
				CLANG_WARN_UNGUARDED_AVAILABILITY = YES_AGGRESSIVE;
				CLANG_WARN_UNREACHABLE_CODE = YES;
				CLANG_WARN__DUPLICATE_METHOD_MATCH = YES;
				COPY_PHASE_STRIP = NO;
				DEBUG_INFORMATION_FORMAT = "dwarf-with-dsym";
				ENABLE_NS_ASSERTIONS = NO;
				ENABLE_STRICT_OBJC_MSGSEND = YES;
				GCC_C_LANGUAGE_STANDARD = gnu11;
				GCC_NO_COMMON_BLOCKS = YES;
				GCC_WARN_64_TO_32_BIT_CONVERSION = YES;
				GCC_WARN_ABOUT_RETURN_TYPE = YES_ERROR;
				GCC_WARN_UNDECLARED_SELECTOR = YES;
				GCC_WARN_UNINITIALIZED_AUTOS = YES_AGGRESSIVE;
				GCC_WARN_UNUSED_FUNCTION = YES;
				GCC_WARN_UNUSED_VARIABLE = YES;
				IPHONEOS_DEPLOYMENT_TARGET = 15.5;
				MTL_ENABLE_DEBUG_INFO = NO;
				MTL_FAST_MATH = YES;
				SDKROOT = iphoneos;
				SWIFT_COMPILATION_MODE = wholemodule;
				SWIFT_OPTIMIZATION_LEVEL = "-O";
				VALIDATE_PRODUCT = YES;
			};
			name = Release;
		};
		C985ADFA28D21B4600FA9439 /* Debug */ = {
			isa = XCBuildConfiguration;
			buildSettings = {
				ASSETCATALOG_COMPILER_APPICON_NAME = AppIcon;
				ASSETCATALOG_COMPILER_GLOBAL_ACCENT_COLOR_NAME = AccentColor;
				CODE_SIGN_STYLE = Automatic;
				CURRENT_PROJECT_VERSION = 1;
				DEVELOPMENT_ASSET_PATHS = "\"BucketListApp/Preview Content\"";
				DEVELOPMENT_TEAM = G8MSA22VSU;
				ENABLE_PREVIEWS = YES;
				GENERATE_INFOPLIST_FILE = YES;
				INFOPLIST_FILE = BucketListApp/Info.plist;
				INFOPLIST_KEY_NSFaceIDUsageDescription = "Please authenticate yourself to unlock your data.";
				INFOPLIST_KEY_UIApplicationSceneManifest_Generation = YES;
				INFOPLIST_KEY_UIApplicationSupportsIndirectInputEvents = YES;
				INFOPLIST_KEY_UILaunchScreen_Generation = YES;
				INFOPLIST_KEY_UISupportedInterfaceOrientations_iPad = "UIInterfaceOrientationPortrait UIInterfaceOrientationPortraitUpsideDown UIInterfaceOrientationLandscapeLeft UIInterfaceOrientationLandscapeRight";
				INFOPLIST_KEY_UISupportedInterfaceOrientations_iPhone = "UIInterfaceOrientationPortrait UIInterfaceOrientationLandscapeLeft UIInterfaceOrientationLandscapeRight";
				LD_RUNPATH_SEARCH_PATHS = (
					"$(inherited)",
					"@executable_path/Frameworks",
				);
				MARKETING_VERSION = 1.0;
				PRODUCT_BUNDLE_IDENTIFIER = com.alpaycalalli.BucketListApp;
				PRODUCT_NAME = "$(TARGET_NAME)";
				SWIFT_EMIT_LOC_STRINGS = YES;
				SWIFT_VERSION = 5.0;
				TARGETED_DEVICE_FAMILY = "1,2";
			};
			name = Debug;
		};
		C985ADFB28D21B4600FA9439 /* Release */ = {
			isa = XCBuildConfiguration;
			buildSettings = {
				ASSETCATALOG_COMPILER_APPICON_NAME = AppIcon;
				ASSETCATALOG_COMPILER_GLOBAL_ACCENT_COLOR_NAME = AccentColor;
				CODE_SIGN_STYLE = Automatic;
				CURRENT_PROJECT_VERSION = 1;
				DEVELOPMENT_ASSET_PATHS = "\"BucketListApp/Preview Content\"";
				DEVELOPMENT_TEAM = G8MSA22VSU;
				ENABLE_PREVIEWS = YES;
				GENERATE_INFOPLIST_FILE = YES;
				INFOPLIST_FILE = BucketListApp/Info.plist;
				INFOPLIST_KEY_NSFaceIDUsageDescription = "Please authenticate yourself to unlock your data.";
				INFOPLIST_KEY_UIApplicationSceneManifest_Generation = YES;
				INFOPLIST_KEY_UIApplicationSupportsIndirectInputEvents = YES;
				INFOPLIST_KEY_UILaunchScreen_Generation = YES;
				INFOPLIST_KEY_UISupportedInterfaceOrientations_iPad = "UIInterfaceOrientationPortrait UIInterfaceOrientationPortraitUpsideDown UIInterfaceOrientationLandscapeLeft UIInterfaceOrientationLandscapeRight";
				INFOPLIST_KEY_UISupportedInterfaceOrientations_iPhone = "UIInterfaceOrientationPortrait UIInterfaceOrientationLandscapeLeft UIInterfaceOrientationLandscapeRight";
				LD_RUNPATH_SEARCH_PATHS = (
					"$(inherited)",
					"@executable_path/Frameworks",
				);
				MARKETING_VERSION = 1.0;
				PRODUCT_BUNDLE_IDENTIFIER = com.alpaycalalli.BucketListApp;
				PRODUCT_NAME = "$(TARGET_NAME)";
				SWIFT_EMIT_LOC_STRINGS = YES;
				SWIFT_VERSION = 5.0;
				TARGETED_DEVICE_FAMILY = "1,2";
			};
			name = Release;
		};
/* End XCBuildConfiguration section */

/* Begin XCConfigurationList section */
		C985ADE628D21B4500FA9439 /* Build configuration list for PBXProject "BucketListApp" */ = {
			isa = XCConfigurationList;
			buildConfigurations = (
				C985ADF728D21B4600FA9439 /* Debug */,
				C985ADF828D21B4600FA9439 /* Release */,
			);
			defaultConfigurationIsVisible = 0;
			defaultConfigurationName = Release;
		};
		C985ADF928D21B4600FA9439 /* Build configuration list for PBXNativeTarget "BucketListApp" */ = {
			isa = XCConfigurationList;
			buildConfigurations = (
				C985ADFA28D21B4600FA9439 /* Debug */,
				C985ADFB28D21B4600FA9439 /* Release */,
			);
			defaultConfigurationIsVisible = 0;
			defaultConfigurationName = Release;
		};
/* End XCConfigurationList section */
	};
	rootObject = C985ADE328D21B4500FA9439 /* Project object */;
}
